<Solution>
  <Folder Name="/Элементы решения/">
    <File Path="../../../Desktop/Диаграмма вариантов использования.drawio.pdf" />
  </Folder>
  <Project Path="Encoder_Decoder/Encoder_Decoder.csproj" />
  <Project Path="Pr7_1/Pr7_1.csproj" />
  <Project Path="TestEncoderDecoder/TestEncoderDecoder.csproj" />
</Solution>
